// !$*UTF8*$!
{
	archiveVersion = 1;
	classes = {
	};
	objectVersion = 50;
	objects = {

/* Begin PBXBuildFile section */
		B4EB15D524A345DD00B61DE2 /* AppDelegate.m in Sources */ = {isa = PBXBuildFile; fileRef = B4EB15D424A345DD00B61DE2 /* AppDelegate.m */; };
		B4EB15D824A345DE00B61DE2 /* SceneDelegate.m in Sources */ = {isa = PBXBuildFile; fileRef = B4EB15D724A345DE00B61DE2 /* SceneDelegate.m */; };
		B4EB15DB24A345DE00B61DE2 /* ViewController.m in Sources */ = {isa = PBXBuildFile; fileRef = B4EB15DA24A345DE00B61DE2 /* ViewController.m */; };
		B4EB15DE24A345DE00B61DE2 /* Main.storyboard in Resources */ = {isa = PBXBuildFile; fileRef = B4EB15DC24A345DE00B61DE2 /* Main.storyboard */; };
		B4EB15E024A345E800B61DE2 /* Assets.xcassets in Resources */ = {isa = PBXBuildFile; fileRef = B4EB15DF24A345E800B61DE2 /* Assets.xcassets */; };
		B4EB15E324A345E900B61DE2 /* LaunchScreen.storyboard in Resources */ = {isa = PBXBuildFile; fileRef = B4EB15E124A345E900B61DE2 /* LaunchScreen.storyboard */; };
		B4EB15E624A345E900B61DE2 /* main.m in Sources */ = {isa = PBXBuildFile; fileRef = B4EB15E524A345E900B61DE2 /* main.m */; };
		B4EB15F024A345E900B61DE2 /* Tip_CalculatorTests.m in Sources */ = {isa = PBXBuildFile; fileRef = B4EB15EF24A345E900B61DE2 /* Tip_CalculatorTests.m */; };
		B4EB15FB24A345E900B61DE2 /* Tip_CalculatorUITests.m in Sources */ = {isa = PBXBuildFile; fileRef = B4EB15FA24A345E900B61DE2 /* Tip_CalculatorUITests.m */; };
		B4EB160A24A3F6C100B61DE2 /* SettingsViewController.m in Sources */ = {isa = PBXBuildFile; fileRef = B4EB160924A3F6C100B61DE2 /* SettingsViewController.m */; };
/* End PBXBuildFile section */

/* Begin PBXContainerItemProxy section */
		B4EB15EC24A345E900B61DE2 /* PBXContainerItemProxy */ = {
			isa = PBXContainerItemProxy;
			containerPortal = B4EB15C824A345DD00B61DE2 /* Project object */;
			proxyType = 1;
			remoteGlobalIDString = B4EB15CF24A345DD00B61DE2;
			remoteInfo = "Tip Calculator";
		};
		B4EB15F724A345E900B61DE2 /* PBXContainerItemProxy */ = {
			isa = PBXContainerItemProxy;
			containerPortal = B4EB15C824A345DD00B61DE2 /* Project object */;
			proxyType = 1;
			remoteGlobalIDString = B4EB15CF24A345DD00B61DE2;
			remoteInfo = "Tip Calculator";
		};
/* End PBXContainerItemProxy section */

/* Begin PBXFileReference section */
		B4EB15D024A345DD00B61DE2 /* Tip Calculator.app */ = {isa = PBXFileReference; explicitFileType = wrapper.application; includeInIndex = 0; path = "Tip Calculator.app"; sourceTree = BUILT_PRODUCTS_DIR; };
		B4EB15D324A345DD00B61DE2 /* AppDelegate.h */ = {isa = PBXFileReference; lastKnownFileType = sourcecode.c.h; path = AppDelegate.h; sourceTree = "<group>"; };
		B4EB15D424A345DD00B61DE2 /* AppDelegate.m */ = {isa = PBXFileReference; lastKnownFileType = sourcecode.c.objc; path = AppDelegate.m; sourceTree = "<group>"; };
		B4EB15D624A345DD00B61DE2 /* SceneDelegate.h */ = {isa = PBXFileReference; lastKnownFileType = sourcecode.c.h; path = SceneDelegate.h; sourceTree = "<group>"; };
		B4EB15D724A345DE00B61DE2 /* SceneDelegate.m */ = {isa = PBXFileReference; lastKnownFileType = sourcecode.c.objc; path = SceneDelegate.m; sourceTree = "<group>"; };
		B4EB15D924A345DE00B61DE2 /* ViewController.h */ = {isa = PBXFileReference; lastKnownFileType = sourcecode.c.h; path = ViewController.h; sourceTree = "<group>"; };
		B4EB15DA24A345DE00B61DE2 /* ViewController.m */ = {isa = PBXFileReference; lastKnownFileType = sourcecode.c.objc; path = ViewController.m; sourceTree = "<group>"; };
		B4EB15DD24A345DE00B61DE2 /* Base */ = {isa = PBXFileReference; lastKnownFileType = file.storyboard; name = Base; path = Base.lproj/Main.storyboard; sourceTree = "<group>"; };
		B4EB15DF24A345E800B61DE2 /* Assets.xcassets */ = {isa = PBXFileReference; lastKnownFileType = folder.assetcatalog; path = Assets.xcassets; sourceTree = "<group>"; };
		B4EB15E224A345E900B61DE2 /* Base */ = {isa = PBXFileReference; lastKnownFileType = file.storyboard; name = Base; path = Base.lproj/LaunchScreen.storyboard; sourceTree = "<group>"; };
		B4EB15E424A345E900B61DE2 /* Info.plist */ = {isa = PBXFileReference; lastKnownFileType = text.plist.xml; path = Info.plist; sourceTree = "<group>"; };
		B4EB15E524A345E900B61DE2 /* main.m */ = {isa = PBXFileReference; lastKnownFileType = sourcecode.c.objc; path = main.m; sourceTree = "<group>"; };
		B4EB15EB24A345E900B61DE2 /* Tip CalculatorTests.xctest */ = {isa = PBXFileReference; explicitFileType = wrapper.cfbundle; includeInIndex = 0; path = "Tip CalculatorTests.xctest"; sourceTree = BUILT_PRODUCTS_DIR; };
		B4EB15EF24A345E900B61DE2 /* Tip_CalculatorTests.m */ = {isa = PBXFileReference; lastKnownFileType = sourcecode.c.objc; path = Tip_CalculatorTests.m; sourceTree = "<group>"; };
		B4EB15F124A345E900B61DE2 /* Info.plist */ = {isa = PBXFileReference; lastKnownFileType = text.plist.xml; path = Info.plist; sourceTree = "<group>"; };
		B4EB15F624A345E900B61DE2 /* Tip CalculatorUITests.xctest */ = {isa = PBXFileReference; explicitFileType = wrapper.cfbundle; includeInIndex = 0; path = "Tip CalculatorUITests.xctest"; sourceTree = BUILT_PRODUCTS_DIR; };
		B4EB15FA24A345E900B61DE2 /* Tip_CalculatorUITests.m */ = {isa = PBXFileReference; lastKnownFileType = sourcecode.c.objc; path = Tip_CalculatorUITests.m; sourceTree = "<group>"; };
		B4EB15FC24A345E900B61DE2 /* Info.plist */ = {isa = PBXFileReference; lastKnownFileType = text.plist.xml; path = Info.plist; sourceTree = "<group>"; };
		B4EB160824A3F6C100B61DE2 /* SettingsViewController.h */ = {isa = PBXFileReference; lastKnownFileType = sourcecode.c.h; path = SettingsViewController.h; sourceTree = "<group>"; };
		B4EB160924A3F6C100B61DE2 /* SettingsViewController.m */ = {isa = PBXFileReference; lastKnownFileType = sourcecode.c.objc; path = SettingsViewController.m; sourceTree = "<group>"; };
/* End PBXFileReference section */

/* Begin PBXFrameworksBuildPhase section */
		B4EB15CD24A345DD00B61DE2 /* Frameworks */ = {
			isa = PBXFrameworksBuildPhase;
			buildActionMask = 2147483647;
			files = (
			);
			runOnlyForDeploymentPostprocessing = 0;
		};
		B4EB15E824A345E900B61DE2 /* Frameworks */ = {
			isa = PBXFrameworksBuildPhase;
			buildActionMask = 2147483647;
			files = (
			);
			runOnlyForDeploymentPostprocessing = 0;
		};
		B4EB15F324A345E900B61DE2 /* Frameworks */ = {
			isa = PBXFrameworksBuildPhase;
			buildActionMask = 2147483647;
			files = (
			);
			runOnlyForDeploymentPostprocessing = 0;
		};
/* End PBXFrameworksBuildPhase section */

/* Begin PBXGroup section */
		B4EB15C724A345DD00B61DE2 = {
			isa = PBXGroup;
			children = (
				B4EB15D224A345DD00B61DE2 /* Tip Calculator */,
				B4EB15EE24A345E900B61DE2 /* Tip CalculatorTests */,
				B4EB15F924A345E900B61DE2 /* Tip CalculatorUITests */,
				B4EB15D124A345DD00B61DE2 /* Products */,
			);
			sourceTree = "<group>";
		};
		B4EB15D124A345DD00B61DE2 /* Products */ = {
			isa = PBXGroup;
			children = (
				B4EB15D024A345DD00B61DE2 /* Tip Calculator.app */,
				B4EB15EB24A345E900B61DE2 /* Tip CalculatorTests.xctest */,
				B4EB15F624A345E900B61DE2 /* Tip CalculatorUITests.xctest */,
			);
			name = Products;
			sourceTree = "<group>";
		};
		B4EB15D224A345DD00B61DE2 /* Tip Calculator */ = {
			isa = PBXGroup;
			children = (
				B4EB15D324A345DD00B61DE2 /* AppDelegate.h */,
				B4EB15D424A345DD00B61DE2 /* AppDelegate.m */,
				B4EB15D624A345DD00B61DE2 /* SceneDelegate.h */,
				B4EB15D724A345DE00B61DE2 /* SceneDelegate.m */,
				B4EB15D924A345DE00B61DE2 /* ViewController.h */,
				B4EB15DA24A345DE00B61DE2 /* ViewController.m */,
				B4EB15DC24A345DE00B61DE2 /* Main.storyboard */,
				B4EB15DF24A345E800B61DE2 /* Assets.xcassets */,
				B4EB15E124A345E900B61DE2 /* LaunchScreen.storyboard */,
				B4EB15E424A345E900B61DE2 /* Info.plist */,
				B4EB15E524A345E900B61DE2 /* main.m */,
				B4EB160824A3F6C100B61DE2 /* SettingsViewController.h */,
				B4EB160924A3F6C100B61DE2 /* SettingsViewController.m */,
			);
			path = "Tip Calculator";
			sourceTree = "<group>";
		};
		B4EB15EE24A345E900B61DE2 /* Tip CalculatorTests */ = {
			isa = PBXGroup;
			children = (
				B4EB15EF24A345E900B61DE2 /* Tip_CalculatorTests.m */,
				B4EB15F124A345E900B61DE2 /* Info.plist */,
			);
			path = "Tip CalculatorTests";
			sourceTree = "<group>";
		};
		B4EB15F924A345E900B61DE2 /* Tip CalculatorUITests */ = {
			isa = PBXGroup;
			children = (
				B4EB15FA24A345E900B61DE2 /* Tip_CalculatorUITests.m */,
				B4EB15FC24A345E900B61DE2 /* Info.plist */,
			);
			path = "Tip CalculatorUITests";
			sourceTree = "<group>";
		};
/* End PBXGroup section */

/* Begin PBXNativeTarget section */
		B4EB15CF24A345DD00B61DE2 /* Tip Calculator */ = {
			isa = PBXNativeTarget;
			buildConfigurationList = B4EB15FF24A345E900B61DE2 /* Build configuration list for PBXNativeTarget "Tip Calculator" */;
			buildPhases = (
				B4EB15CC24A345DD00B61DE2 /* Sources */,
				B4EB15CD24A345DD00B61DE2 /* Frameworks */,
				B4EB15CE24A345DD00B61DE2 /* Resources */,
			);
			buildRules = (
			);
			dependencies = (
			);
			name = "Tip Calculator";
			productName = "Tip Calculator";
			productReference = B4EB15D024A345DD00B61DE2 /* Tip Calculator.app */;
			productType = "com.apple.product-type.application";
		};
		B4EB15EA24A345E900B61DE2 /* Tip CalculatorTests */ = {
			isa = PBXNativeTarget;
			buildConfigurationList = B4EB160224A345E900B61DE2 /* Build configuration list for PBXNativeTarget "Tip CalculatorTests" */;
			buildPhases = (
				B4EB15E724A345E900B61DE2 /* Sources */,
				B4EB15E824A345E900B61DE2 /* Frameworks */,
				B4EB15E924A345E900B61DE2 /* Resources */,
			);
			buildRules = (
			);
			dependencies = (
				B4EB15ED24A345E900B61DE2 /* PBXTargetDependency */,
			);
			name = "Tip CalculatorTests";
			productName = "Tip CalculatorTests";
			productReference = B4EB15EB24A345E900B61DE2 /* Tip CalculatorTests.xctest */;
			productType = "com.apple.product-type.bundle.unit-test";
		};
		B4EB15F524A345E900B61DE2 /* Tip CalculatorUITests */ = {
			isa = PBXNativeTarget;
			buildConfigurationList = B4EB160524A345E900B61DE2 /* Build configuration list for PBXNativeTarget "Tip CalculatorUITests" */;
			buildPhases = (
				B4EB15F224A345E900B61DE2 /* Sources */,
				B4EB15F324A345E900B61DE2 /* Frameworks */,
				B4EB15F424A345E900B61DE2 /* Resources */,
			);
			buildRules = (
			);
			dependencies = (
				B4EB15F824A345E900B61DE2 /* PBXTargetDependency */,
			);
			name = "Tip CalculatorUITests";
			productName = "Tip CalculatorUITests";
			productReference = B4EB15F624A345E900B61DE2 /* Tip CalculatorUITests.xctest */;
			productType = "com.apple.product-type.bundle.ui-testing";
		};
/* End PBXNativeTarget section */

/* Begin PBXProject section */
		B4EB15C824A345DD00B61DE2 /* Project object */ = {
			isa = PBXProject;
			attributes = {
				LastUpgradeCheck = 1150;
				ORGANIZATIONNAME = "chad franklin";
				TargetAttributes = {
					B4EB15CF24A345DD00B61DE2 = {
						CreatedOnToolsVersion = 11.5;
					};
					B4EB15EA24A345E900B61DE2 = {
						CreatedOnToolsVersion = 11.5;
						TestTargetID = B4EB15CF24A345DD00B61DE2;
					};
					B4EB15F524A345E900B61DE2 = {
						CreatedOnToolsVersion = 11.5;
						TestTargetID = B4EB15CF24A345DD00B61DE2;
					};
				};
			};
			buildConfigurationList = B4EB15CB24A345DD00B61DE2 /* Build configuration list for PBXProject "Tip Calculator" */;
			compatibilityVersion = "Xcode 9.3";
			developmentRegion = en;
			hasScannedForEncodings = 0;
			knownRegions = (
				en,
				Base,
			);
			mainGroup = B4EB15C724A345DD00B61DE2;
			productRefGroup = B4EB15D124A345DD00B61DE2 /* Products */;
			projectDirPath = "";
			projectRoot = "";
			targets = (
				B4EB15CF24A345DD00B61DE2 /* Tip Calculator */,
				B4EB15EA24A345E900B61DE2 /* Tip CalculatorTests */,
				B4EB15F524A345E900B61DE2 /* Tip CalculatorUITests */,
			);
		};
/* End PBXProject section */

/* Begin PBXResourcesBuildPhase section */
		B4EB15CE24A345DD00B61DE2 /* Resources */ = {
			isa = PBXResourcesBuildPhase;
			buildActionMask = 2147483647;
			files = (
				B4EB15E324A345E900B61DE2 /* LaunchScreen.storyboard in Resources */,
				B4EB15E024A345E800B61DE2 /* Assets.xcassets in Resources */,
				B4EB15DE24A345DE00B61DE2 /* Main.storyboard in Resources */,
			);
			runOnlyForDeploymentPostprocessing = 0;
		};
		B4EB15E924A345E900B61DE2 /* Resources */ = {
			isa = PBXResourcesBuildPhase;
			buildActionMask = 2147483647;
			files = (
			);
			runOnlyForDeploymentPostprocessing = 0;
		};
		B4EB15F424A345E900B61DE2 /* Resources */ = {
			isa = PBXResourcesBuildPhase;
			buildActionMask = 2147483647;
			files = (
			);
			runOnlyForDeploymentPostprocessing = 0;
		};
/* End PBXResourcesBuildPhase section */

/* Begin PBXSourcesBuildPhase section */
		B4EB15CC24A345DD00B61DE2 /* Sources */ = {
			isa = PBXSourcesBuildPhase;
			buildActionMask = 2147483647;
			files = (
				B4EB15DB24A345DE00B61DE2 /* ViewController.m in Sources */,
				B4EB15D524A345DD00B61DE2 /* AppDelegate.m in Sources */,
				B4EB160A24A3F6C100B61DE2 /* SettingsViewController.m in Sources */,
				B4EB15E624A345E900B61DE2 /* main.m in Sources */,
				B4EB15D824A345DE00B61DE2 /* SceneDelegate.m in Sources */,
			);
			runOnlyForDeploymentPostprocessing = 0;
		};
		B4EB15E724A345E900B61DE2 /* Sources */ = {
			isa = PBXSourcesBuildPhase;
			buildActionMask = 2147483647;
			files = (
				B4EB15F024A345E900B61DE2 /* Tip_CalculatorTests.m in Sources */,
			);
			runOnlyForDeploymentPostprocessing = 0;
		};
		B4EB15F224A345E900B61DE2 /* Sources */ = {
			isa = PBXSourcesBuildPhase;
			buildActionMask = 2147483647;
			files = (
				B4EB15FB24A345E900B61DE2 /* Tip_CalculatorUITests.m in Sources */,
			);
			runOnlyForDeploymentPostprocessing = 0;
		};
/* End PBXSourcesBuildPhase section */

/* Begin PBXTargetDependency section */
		B4EB15ED24A345E900B61DE2 /* PBXTargetDependency */ = {
			isa = PBXTargetDependency;
			target = B4EB15CF24A345DD00B61DE2 /* Tip Calculator */;
			targetProxy = B4EB15EC24A345E900B61DE2 /* PBXContainerItemProxy */;
		};
		B4EB15F824A345E900B61DE2 /* PBXTargetDependency */ = {
			isa = PBXTargetDependency;
			target = B4EB15CF24A345DD00B61DE2 /* Tip Calculator */;
			targetProxy = B4EB15F724A345E900B61DE2 /* PBXContainerItemProxy */;
		};
/* End PBXTargetDependency section */

/* Begin PBXVariantGroup section */
		B4EB15DC24A345DE00B61DE2 /* Main.storyboard */ = {
			isa = PBXVariantGroup;
			children = (
				B4EB15DD24A345DE00B61DE2 /* Base */,
			);
			name = Main.storyboard;
			sourceTree = "<group>";
		};
		B4EB15E124A345E900B61DE2 /* LaunchScreen.storyboard */ = {
			isa = PBXVariantGroup;
			children = (
				B4EB15E224A345E900B61DE2 /* Base */,
			);
			name = LaunchScreen.storyboard;
			sourceTree = "<group>";
		};
/* End PBXVariantGroup section */

/* Begin XCBuildConfiguration section */
		B4EB15FD24A345E900B61DE2 /* Debug */ = {
			isa = XCBuildConfiguration;
			buildSettings = {
				ALWAYS_SEARCH_USER_PATHS = NO;
				CLANG_ANALYZER_NONNULL = YES;
				CLANG_ANALYZER_NUMBER_OBJECT_CONVERSION = YES_AGGRESSIVE;
				CLANG_CXX_LANGUAGE_STANDARD = "gnu++14";
				CLANG_CXX_LIBRARY = "libc++";
				CLANG_ENABLE_MODULES = YES;
				CLANG_ENABLE_OBJC_ARC = YES;
				CLANG_ENABLE_OBJC_WEAK = YES;
				CLANG_WARN_BLOCK_CAPTURE_AUTORELEASING = YES;
				CLANG_WARN_BOOL_CONVERSION = YES;
				CLANG_WARN_COMMA = YES;
				CLANG_WARN_CONSTANT_CONVERSION = YES;
				CLANG_WARN_DEPRECATED_OBJC_IMPLEMENTATIONS = YES;
				CLANG_WARN_DIRECT_OBJC_ISA_USAGE = YES_ERROR;
				CLANG_WARN_DOCUMENTATION_COMMENTS = YES;
				CLANG_WARN_EMPTY_BODY = YES;
				CLANG_WARN_ENUM_CONVERSION = YES;
				CLANG_WARN_INFINITE_RECURSION = YES;
				CLANG_WARN_INT_CONVERSION = YES;
				CLANG_WARN_NON_LITERAL_NULL_CONVERSION = YES;
				CLANG_WARN_OBJC_IMPLICIT_RETAIN_SELF = YES;
				CLANG_WARN_OBJC_LITERAL_CONVERSION = YES;
				CLANG_WARN_OBJC_ROOT_CLASS = YES_ERROR;
				CLANG_WARN_RANGE_LOOP_ANALYSIS = YES;
				CLANG_WARN_STRICT_PROTOTYPES = YES;
				CLANG_WARN_SUSPICIOUS_MOVE = YES;
				CLANG_WARN_UNGUARDED_AVAILABILITY = YES_AGGRESSIVE;
				CLANG_WARN_UNREACHABLE_CODE = YES;
				CLANG_WARN__DUPLICATE_METHOD_MATCH = YES;
				COPY_PHASE_STRIP = NO;
				DEBUG_INFORMATION_FORMAT = dwarf;
				ENABLE_STRICT_OBJC_MSGSEND = YES;
				ENABLE_TESTABILITY = YES;
				GCC_C_LANGUAGE_STANDARD = gnu11;
				GCC_DYNAMIC_NO_PIC = NO;
				GCC_NO_COMMON_BLOCKS = YES;
				GCC_OPTIMIZATION_LEVEL = 0;
				GCC_PREPROCESSOR_DEFINITIONS = (
					"DEBUG=1",
					"$(inherited)",
				);
				GCC_WARN_64_TO_32_BIT_CONVERSION = YES;
				GCC_WARN_ABOUT_RETURN_TYPE = YES_ERROR;
				GCC_WARN_UNDECLARED_SELECTOR = YES;
				GCC_WARN_UNINITIALIZED_AUTOS = YES_AGGRESSIVE;
				GCC_WARN_UNUSED_FUNCTION = YES;
				GCC_WARN_UNUSED_VARIABLE = YES;
				IPHONEOS_DEPLOYMENT_TARGET = 13.5;
				MTL_ENABLE_DEBUG_INFO = INCLUDE_SOURCE;
				MTL_FAST_MATH = YES;
				ONLY_ACTIVE_ARCH = YES;
				SDKROOT = iphoneos;
			};
			name = Debug;
		};
		B4EB15FE24A345E900B61DE2 /* Release */ = {
			isa = XCBuildConfiguration;
			buildSettings = {
				ALWAYS_SEARCH_USER_PATHS = NO;
				CLANG_ANALYZER_NONNULL = YES;
				CLANG_ANALYZER_NUMBER_OBJECT_CONVERSION = YES_AGGRESSIVE;
				CLANG_CXX_LANGUAGE_STANDARD = "gnu++14";
				CLANG_CXX_LIBRARY = "libc++";
				CLANG_ENABLE_MODULES = YES;
				CLANG_ENABLE_OBJC_ARC = YES;
				CLANG_ENABLE_OBJC_WEAK = YES;
				CLANG_WARN_BLOCK_CAPTURE_AUTORELEASING = YES;
				CLANG_WARN_BOOL_CONVERSION = YES;
				CLANG_WARN_COMMA = YES;
				CLANG_WARN_CONSTANT_CONVERSION = YES;
				CLANG_WARN_DEPRECATED_OBJC_IMPLEMENTATIONS = YES;
				CLANG_WARN_DIRECT_OBJC_ISA_USAGE = YES_ERROR;
				CLANG_WARN_DOCUMENTATION_COMMENTS = YES;
				CLANG_WARN_EMPTY_BODY = YES;
				CLANG_WARN_ENUM_CONVERSION = YES;
				CLANG_WARN_INFINITE_RECURSION = YES;
				CLANG_WARN_INT_CONVERSION = YES;
				CLANG_WARN_NON_LITERAL_NULL_CONVERSION = YES;
				CLANG_WARN_OBJC_IMPLICIT_RETAIN_SELF = YES;
				CLANG_WARN_OBJC_LITERAL_CONVERSION = YES;
				CLANG_WARN_OBJC_ROOT_CLASS = YES_ERROR;
				CLANG_WARN_RANGE_LOOP_ANALYSIS = YES;
				CLANG_WARN_STRICT_PROTOTYPES = YES;
				CLANG_WARN_SUSPICIOUS_MOVE = YES;
				CLANG_WARN_UNGUARDED_AVAILABILITY = YES_AGGRESSIVE;
				CLANG_WARN_UNREACHABLE_CODE = YES;
				CLANG_WARN__DUPLICATE_METHOD_MATCH = YES;
				COPY_PHASE_STRIP = NO;
				DEBUG_INFORMATION_FORMAT = "dwarf-with-dsym";
				ENABLE_NS_ASSERTIONS = NO;
				ENABLE_STRICT_OBJC_MSGSEND = YES;
				GCC_C_LANGUAGE_STANDARD = gnu11;
				GCC_NO_COMMON_BLOCKS = YES;
				GCC_WARN_64_TO_32_BIT_CONVERSION = YES;
				GCC_WARN_ABOUT_RETURN_TYPE = YES_ERROR;
				GCC_WARN_UNDECLARED_SELECTOR = YES;
				GCC_WARN_UNINITIALIZED_AUTOS = YES_AGGRESSIVE;
				GCC_WARN_UNUSED_FUNCTION = YES;
				GCC_WARN_UNUSED_VARIABLE = YES;
				IPHONEOS_DEPLOYMENT_TARGET = 13.5;
				MTL_ENABLE_DEBUG_INFO = NO;
				MTL_FAST_MATH = YES;
				SDKROOT = iphoneos;
				VALIDATE_PRODUCT = YES;
			};
			name = Release;
		};
		B4EB160024A345E900B61DE2 /* Debug */ = {
			isa = XCBuildConfiguration;
			buildSettings = {
				ASSETCATALOG_COMPILER_APPICON_NAME = AppIcon;
				CODE_SIGN_STYLE = Automatic;
				DEVELOPMENT_TEAM = D28L47T38U;
				INFOPLIST_FILE = "Tip Calculator/Info.plist";
				LD_RUNPATH_SEARCH_PATHS = (
					"$(inherited)",
					"@executable_path/Frameworks",
				);
				PRODUCT_BUNDLE_IDENTIFIER = "com.chadfranklin47.Tip-Calculator";
				PRODUCT_NAME = "$(TARGET_NAME)";
				TARGETED_DEVICE_FAMILY = "1,2";
			};
			name = Debug;
		};
		B4EB160124A345E900B61DE2 /* Release */ = {
			isa = XCBuildConfiguration;
			buildSettings = {
				ASSETCATALOG_COMPILER_APPICON_NAME = AppIcon;
				CODE_SIGN_STYLE = Automatic;
				DEVELOPMENT_TEAM = D28L47T38U;
				INFOPLIST_FILE = "Tip Calculator/Info.plist";
				LD_RUNPATH_SEARCH_PATHS = (
					"$(inherited)",
					"@executable_path/Frameworks",
				);
				PRODUCT_BUNDLE_IDENTIFIER = "com.chadfranklin47.Tip-Calculator";
				PRODUCT_NAME = "$(TARGET_NAME)";
				TARGETED_DEVICE_FAMILY = "1,2";
			};
			name = Release;
		};
		B4EB160324A345E900B61DE2 /* Debug */ = {
			isa = XCBuildConfiguration;
			buildSettings = {
				BUNDLE_LOADER = "$(TEST_HOST)";
				CODE_SIGN_STYLE = Automatic;
				INFOPLIST_FILE = "Tip CalculatorTests/Info.plist";
				IPHONEOS_DEPLOYMENT_TARGET = 13.5;
				LD_RUNPATH_SEARCH_PATHS = (
					"$(inherited)",
					"@executable_path/Frameworks",
					"@loader_path/Frameworks",
				);
				PRODUCT_BUNDLE_IDENTIFIER = "com.chadefranklin.Tip-CalculatorTests";
				PRODUCT_NAME = "$(TARGET_NAME)";
				TARGETED_DEVICE_FAMILY = "1,2";
				TEST_HOST = "$(BUILT_PRODUCTS_DIR)/Tip Calculator.app/Tip Calculator";
			};
			name = Debug;
		};
		B4EB160424A345E900B61DE2 /* Release */ = {
			isa = XCBuildConfiguration;
			buildSettings = {
				BUNDLE_LOADER = "$(TEST_HOST)";
				CODE_SIGN_STYLE = Automatic;
				INFOPLIST_FILE = "Tip CalculatorTests/Info.plist";
				IPHONEOS_DEPLOYMENT_TARGET = 13.5;
				LD_RUNPATH_SEARCH_PATHS = (
					"$(inherited)",
					"@executable_path/Frameworks",
					"@loader_path/Frameworks",
				);
				PRODUCT_BUNDLE_IDENTIFIER = "com.chadefranklin.Tip-CalculatorTests";
				PRODUCT_NAME = "$(TARGET_NAME)";
				TARGETED_DEVICE_FAMILY = "1,2";
				TEST_HOST = "$(BUILT_PRODUCTS_DIR)/Tip Calculator.app/Tip Calculator";
			};
			name = Release;
		};
		B4EB160624A345E900B61DE2 /* Debug */ = {
			isa = XCBuildConfiguration;
			buildSettings = {
				CODE_SIGN_STYLE = Automatic;
				INFOPLIST_FILE = "Tip CalculatorUITests/Info.plist";
				LD_RUNPATH_SEARCH_PATHS = (
					"$(inherited)",
					"@executable_path/Frameworks",
					"@loader_path/Frameworks",
				);
				PRODUCT_BUNDLE_IDENTIFIER = "com.chadefranklin.Tip-CalculatorUITests";
				PRODUCT_NAME = "$(TARGET_NAME)";
				TARGETED_DEVICE_FAMILY = "1,2";
				TEST_TARGET_NAME = "Tip Calculator";
			};
			name = Debug;
		};
		B4EB160724A345E900B61DE2 /* Release */ = {
			isa = XCBuildConfiguration;
			buildSettings = {
				CODE_SIGN_STYLE = Automatic;
				INFOPLIST_FILE = "Tip CalculatorUITests/Info.plist";
				LD_RUNPATH_SEARCH_PATHS = (
					"$(inherited)",
					"@executable_path/Frameworks",
					"@loader_path/Frameworks",
				);
				PRODUCT_BUNDLE_IDENTIFIER = "com.chadefranklin.Tip-CalculatorUITests";
				PRODUCT_NAME = "$(TARGET_NAME)";
				TARGETED_DEVICE_FAMILY = "1,2";
				TEST_TARGET_NAME = "Tip Calculator";
			};
			name = Release;
		};
/* End XCBuildConfiguration section */

/* Begin XCConfigurationList section */
		B4EB15CB24A345DD00B61DE2 /* Build configuration list for PBXProject "Tip Calculator" */ = {
			isa = XCConfigurationList;
			buildConfigurations = (
				B4EB15FD24A345E900B61DE2 /* Debug */,
				B4EB15FE24A345E900B61DE2 /* Release */,
			);
			defaultConfigurationIsVisible = 0;
			defaultConfigurationName = Release;
		};
		B4EB15FF24A345E900B61DE2 /* Build configuration list for PBXNativeTarget "Tip Calculator" */ = {
			isa = XCConfigurationList;
			buildConfigurations = (
				B4EB160024A345E900B61DE2 /* Debug */,
				B4EB160124A345E900B61DE2 /* Release */,
			);
			defaultConfigurationIsVisible = 0;
			defaultConfigurationName = Release;
		};
		B4EB160224A345E900B61DE2 /* Build configuration list for PBXNativeTarget "Tip CalculatorTests" */ = {
			isa = XCConfigurationList;
			buildConfigurations = (
				B4EB160324A345E900B61DE2 /* Debug */,
				B4EB160424A345E900B61DE2 /* Release */,
			);
			defaultConfigurationIsVisible = 0;
			defaultConfigurationName = Release;
		};
		B4EB160524A345E900B61DE2 /* Build configuration list for PBXNativeTarget "Tip CalculatorUITests" */ = {
			isa = XCConfigurationList;
			buildConfigurations = (
				B4EB160624A345E900B61DE2 /* Debug */,
				B4EB160724A345E900B61DE2 /* Release */,
			);
			defaultConfigurationIsVisible = 0;
			defaultConfigurationName = Release;
		};
/* End XCConfigurationList section */
	};
	rootObject = B4EB15C824A345DD00B61DE2 /* Project object */;
}
